
Microsoft Visual Studio Solution File, Format Version 12.00
# Visual Studio 15
Project("{FAE04EC0-301F-11D3-BF4B-00C04F79EFBC}") = "PhotonQuantum", "PhotonQuantum.csproj", "{1A688C2A-99EC-AC80-6971-15DD5C0A0F47}"
EndProject
Project("{FAE04EC0-301F-11D3-BF4B-00C04F79EFBC}") = "Assembly-CSharp", "Assembly-CSharp.csproj", "{1C58F280-5372-610C-9ECC-AE1C1F4E9C08}"
EndProject
Project("{FAE04EC0-301F-11D3-BF4B-00C04F79EFBC}") = "PhotonQuantumCode", "PhotonQuantumCode.csproj", "{0823B2D9-9705-5174-0851-3AD17A7DD023}"
EndProject
Project("{FAE04EC0-301F-11D3-BF4B-00C04F79EFBC}") = "PhotonRealtime", "PhotonRealtime.csproj", "{43EB0BDA-751C-5FF1-9C19-CB4EF35C6CB5}"
EndProject
Project("{FAE04EC0-301F-11D3-BF4B-00C04F79EFBC}") = "Assembly-CSharp-Editor", "Assembly-CSharp-Editor.csproj", "{879BF00C-256C-B72C-DB3B-7EB512CC2A46}"
EndProject
Project("{FAE04EC0-301F-11D3-BF4B-00C04F79EFBC}") = "PhotonQuantumEditor", "PhotonQuantumEditor.csproj", "{644E05B6-6B86-3A0E-8168-4288B91D9046}"
EndProject
Project("{FAE04EC0-301F-11D3-BF4B-00C04F79EFBC}") = "PhotonQuantumCodeIntegration", "PhotonQuantumCodeIntegration.csproj", "{4F923591-F88B-456F-BD93-8E6BBCF7A64C}"
EndProject
Global
	GlobalSection(SolutionConfigurationPlatforms) = preSolution
		Debug|Any CPU = Debug|Any CPU
		Release|Any CPU = Release|Any CPU
	EndGlobalSection
	GlobalSection(ProjectConfigurationPlatforms) = postSolution
		{1A688C2A-99EC-AC80-6971-15DD5C0A0F47}.Debug|Any CPU.ActiveCfg = Debug|Any CPU
		{1A688C2A-99EC-AC80-6971-15DD5C0A0F47}.Debug|Any CPU.Build.0 = Debug|Any CPU
		{1A688C2A-99EC-AC80-6971-15DD5C0A0F47}.Release|Any CPU.ActiveCfg = Release|Any CPU
		{1A688C2A-99EC-AC80-6971-15DD5C0A0F47}.Release|Any CPU.Build.0 = Release|Any CPU
		{1C58F280-5372-610C-9ECC-AE1C1F4E9C08}.Debug|Any CPU.ActiveCfg = Debug|Any CPU
		{1C58F280-5372-610C-9ECC-AE1C1F4E9C08}.Debug|Any CPU.Build.0 = Debug|Any CPU
		{1C58F280-5372-610C-9ECC-AE1C1F4E9C08}.Release|Any CPU.ActiveCfg = Release|Any CPU
		{1C58F280-5372-610C-9ECC-AE1C1F4E9C08}.Release|Any CPU.Build.0 = Release|Any CPU
		{0823B2D9-9705-5174-0851-3AD17A7DD023}.Debug|Any CPU.ActiveCfg = Debug|Any CPU
		{0823B2D9-9705-5174-0851-3AD17A7DD023}.Debug|Any CPU.Build.0 = Debug|Any CPU
		{0823B2D9-9705-5174-0851-3AD17A7DD023}.Release|Any CPU.ActiveCfg = Release|Any CPU
		{0823B2D9-9705-5174-0851-3AD17A7DD023}.Release|Any CPU.Build.0 = Release|Any CPU
		{43EB0BDA-751C-5FF1-9C19-CB4EF35C6CB5}.Debug|Any CPU.ActiveCfg = Debug|Any CPU
		{43EB0BDA-751C-5FF1-9C19-CB4EF35C6CB5}.Debug|Any CPU.Build.0 = Debug|Any CPU
		{43EB0BDA-751C-5FF1-9C19-CB4EF35C6CB5}.Release|Any CPU.ActiveCfg = Release|Any CPU
		{43EB0BDA-751C-5FF1-9C19-CB4EF35C6CB5}.Release|Any CPU.Build.0 = Release|Any CPU
		{879BF00C-256C-B72C-DB3B-7EB512CC2A46}.Debug|Any CPU.ActiveCfg = Debug|Any CPU
		{879BF00C-256C-B72C-DB3B-7EB512CC2A46}.Debug|Any CPU.Build.0 = Debug|Any CPU
		{879BF00C-256C-B72C-DB3B-7EB512CC2A46}.Release|Any CPU.ActiveCfg = Release|Any CPU
		{879BF00C-256C-B72C-DB3B-7EB512CC2A46}.Release|Any CPU.Build.0 = Release|Any CPU
		{644E05B6-6B86-3A0E-8168-4288B91D9046}.Debug|Any CPU.ActiveCfg = Debug|Any CPU
		{644E05B6-6B86-3A0E-8168-4288B91D9046}.Debug|Any CPU.Build.0 = Debug|Any CPU
		{644E05B6-6B86-3A0E-8168-4288B91D9046}.Release|Any CPU.ActiveCfg = Release|Any CPU
		{644E05B6-6B86-3A0E-8168-4288B91D9046}.Release|Any CPU.Build.0 = Release|Any CPU
		{4F923591-F88B-456F-BD93-8E6BBCF7A64C}.Debug|Any CPU.ActiveCfg = Debug|Any CPU
		{4F923591-F88B-456F-BD93-8E6BBCF7A64C}.Debug|Any CPU.Build.0 = Debug|Any CPU
		{4F923591-F88B-456F-BD93-8E6BBCF7A64C}.Release|Any CPU.ActiveCfg = Release|Any CPU
		{4F923591-F88B-456F-BD93-8E6BBCF7A64C}.Release|Any CPU.Build.0 = Release|Any CPU
	EndGlobalSection
	GlobalSection(SolutionProperties) = preSolution
		HideSolutionNode = FALSE
	EndGlobalSection
EndGlobal
